// !$*UTF8*$!
{
	archiveVersion = 1;
	classes = {
	};
	objectVersion = 56;
	objects = {

/* Begin PBXBuildFile section */
		127188122BE216C300C3A8C6 /* AppDelegate.swift in Sources */ = {isa = PBXBuildFile; fileRef = 127188112BE216C300C3A8C6 /* AppDelegate.swift */; };
		127188142BE216C300C3A8C6 /* SceneDelegate.swift in Sources */ = {isa = PBXBuildFile; fileRef = 127188132BE216C300C3A8C6 /* SceneDelegate.swift */; };
		127188162BE216C300C3A8C6 /* ViewController.swift in Sources */ = {isa = PBXBuildFile; fileRef = 127188152BE216C300C3A8C6 /* ViewController.swift */; };
		127188192BE216C300C3A8C6 /* Base in Resources */ = {isa = PBXBuildFile; fileRef = 127188182BE216C300C3A8C6 /* Base */; };
		1271881B2BE216C500C3A8C6 /* Assets.xcassets in Resources */ = {isa = PBXBuildFile; fileRef = 1271881A2BE216C500C3A8C6 /* Assets.xcassets */; };
		1271881E2BE216C500C3A8C6 /* Base in Resources */ = {isa = PBXBuildFile; fileRef = 1271881D2BE216C500C3A8C6 /* Base */; };
		127188292BE216C500C3A8C6 /* simiel_player_iosTests.swift in Sources */ = {isa = PBXBuildFile; fileRef = 127188282BE216C500C3A8C6 /* simiel_player_iosTests.swift */; };
		127188332BE216C500C3A8C6 /* simiel_player_iosUITests.swift in Sources */ = {isa = PBXBuildFile; fileRef = 127188322BE216C500C3A8C6 /* simiel_player_iosUITests.swift */; };
		127188352BE216C500C3A8C6 /* simiel_player_iosUITestsLaunchTests.swift in Sources */ = {isa = PBXBuildFile; fileRef = 127188342BE216C500C3A8C6 /* simiel_player_iosUITestsLaunchTests.swift */; };
		127188422BE2C92100C3A8C6 /* intro.mp4 in Resources */ = {isa = PBXBuildFile; fileRef = 127188412BE2C92100C3A8C6 /* intro.mp4 */; };
/* End PBXBuildFile section */

/* Begin PBXContainerItemProxy section */
		127188252BE216C500C3A8C6 /* PBXContainerItemProxy */ = {
			isa = PBXContainerItemProxy;
			containerPortal = 127188062BE216C300C3A8C6 /* Project object */;
			proxyType = 1;
			remoteGlobalIDString = 1271880D2BE216C300C3A8C6;
			remoteInfo = simiel_player_ios;
		};
		1271882F2BE216C500C3A8C6 /* PBXContainerItemProxy */ = {
			isa = PBXContainerItemProxy;
			containerPortal = 127188062BE216C300C3A8C6 /* Project object */;
			proxyType = 1;
			remoteGlobalIDString = 1271880D2BE216C300C3A8C6;
			remoteInfo = simiel_player_ios;
		};
/* End PBXContainerItemProxy section */

/* Begin PBXFileReference section */
		1271880E2BE216C300C3A8C6 /* simiel_player_ios.app */ = {isa = PBXFileReference; explicitFileType = wrapper.application; includeInIndex = 0; path = simiel_player_ios.app; sourceTree = BUILT_PRODUCTS_DIR; };
		127188112BE216C300C3A8C6 /* AppDelegate.swift */ = {isa = PBXFileReference; lastKnownFileType = sourcecode.swift; path = AppDelegate.swift; sourceTree = "<group>"; };
		127188132BE216C300C3A8C6 /* SceneDelegate.swift */ = {isa = PBXFileReference; lastKnownFileType = sourcecode.swift; path = SceneDelegate.swift; sourceTree = "<group>"; };
		127188152BE216C300C3A8C6 /* ViewController.swift */ = {isa = PBXFileReference; lastKnownFileType = sourcecode.swift; path = ViewController.swift; sourceTree = "<group>"; };
		127188182BE216C300C3A8C6 /* Base */ = {isa = PBXFileReference; lastKnownFileType = file.storyboard; name = Base; path = Base.lproj/Main.storyboard; sourceTree = "<group>"; };
		1271881A2BE216C500C3A8C6 /* Assets.xcassets */ = {isa = PBXFileReference; lastKnownFileType = folder.assetcatalog; path = Assets.xcassets; sourceTree = "<group>"; };
		1271881D2BE216C500C3A8C6 /* Base */ = {isa = PBXFileReference; lastKnownFileType = file.storyboard; name = Base; path = Base.lproj/LaunchScreen.storyboard; sourceTree = "<group>"; };
		1271881F2BE216C500C3A8C6 /* Info.plist */ = {isa = PBXFileReference; lastKnownFileType = text.plist.xml; path = Info.plist; sourceTree = "<group>"; };
		127188242BE216C500C3A8C6 /* simiel_player_iosTests.xctest */ = {isa = PBXFileReference; explicitFileType = wrapper.cfbundle; includeInIndex = 0; path = simiel_player_iosTests.xctest; sourceTree = BUILT_PRODUCTS_DIR; };
		127188282BE216C500C3A8C6 /* simiel_player_iosTests.swift */ = {isa = PBXFileReference; lastKnownFileType = sourcecode.swift; path = simiel_player_iosTests.swift; sourceTree = "<group>"; };
		1271882E2BE216C500C3A8C6 /* simiel_player_iosUITests.xctest */ = {isa = PBXFileReference; explicitFileType = wrapper.cfbundle; includeInIndex = 0; path = simiel_player_iosUITests.xctest; sourceTree = BUILT_PRODUCTS_DIR; };
		127188322BE216C500C3A8C6 /* simiel_player_iosUITests.swift */ = {isa = PBXFileReference; lastKnownFileType = sourcecode.swift; path = simiel_player_iosUITests.swift; sourceTree = "<group>"; };
		127188342BE216C500C3A8C6 /* simiel_player_iosUITestsLaunchTests.swift */ = {isa = PBXFileReference; lastKnownFileType = sourcecode.swift; path = simiel_player_iosUITestsLaunchTests.swift; sourceTree = "<group>"; };
		127188412BE2C92100C3A8C6 /* intro.mp4 */ = {isa = PBXFileReference; lastKnownFileType = file; path = intro.mp4; sourceTree = "<group>"; };
/* End PBXFileReference section */

/* Begin PBXFrameworksBuildPhase section */
		1271880B2BE216C300C3A8C6 /* Frameworks */ = {
			isa = PBXFrameworksBuildPhase;
			buildActionMask = 2147483647;
			files = (
			);
			runOnlyForDeploymentPostprocessing = 0;
		};
		127188212BE216C500C3A8C6 /* Frameworks */ = {
			isa = PBXFrameworksBuildPhase;
			buildActionMask = 2147483647;
			files = (
			);
			runOnlyForDeploymentPostprocessing = 0;
		};
		1271882B2BE216C500C3A8C6 /* Frameworks */ = {
			isa = PBXFrameworksBuildPhase;
			buildActionMask = 2147483647;
			files = (
			);
			runOnlyForDeploymentPostprocessing = 0;
		};
/* End PBXFrameworksBuildPhase section */

/* Begin PBXGroup section */
		127188052BE216C300C3A8C6 = {
			isa = PBXGroup;
			children = (
				127188102BE216C300C3A8C6 /* simiel_player_ios */,
				127188272BE216C500C3A8C6 /* simiel_player_iosTests */,
				127188312BE216C500C3A8C6 /* simiel_player_iosUITests */,
				1271880F2BE216C300C3A8C6 /* Products */,
			);
			sourceTree = "<group>";
		};
		1271880F2BE216C300C3A8C6 /* Products */ = {
			isa = PBXGroup;
			children = (
				1271880E2BE216C300C3A8C6 /* simiel_player_ios.app */,
				127188242BE216C500C3A8C6 /* simiel_player_iosTests.xctest */,
				1271882E2BE216C500C3A8C6 /* simiel_player_iosUITests.xctest */,
			);
			name = Products;
			sourceTree = "<group>";
		};
		127188102BE216C300C3A8C6 /* simiel_player_ios */ = {
			isa = PBXGroup;
			children = (
				127188112BE216C300C3A8C6 /* AppDelegate.swift */,
				127188132BE216C300C3A8C6 /* SceneDelegate.swift */,
				127188152BE216C300C3A8C6 /* ViewController.swift */,
				127188172BE216C300C3A8C6 /* Main.storyboard */,
				1271881A2BE216C500C3A8C6 /* Assets.xcassets */,
				127188412BE2C92100C3A8C6 /* intro.mp4 */,
				1271881C2BE216C500C3A8C6 /* LaunchScreen.storyboard */,
				1271881F2BE216C500C3A8C6 /* Info.plist */,
			);
			path = simiel_player_ios;
			sourceTree = "<group>";
		};
		127188272BE216C500C3A8C6 /* simiel_player_iosTests */ = {
			isa = PBXGroup;
			children = (
				127188282BE216C500C3A8C6 /* simiel_player_iosTests.swift */,
			);
			path = simiel_player_iosTests;
			sourceTree = "<group>";
		};
		127188312BE216C500C3A8C6 /* simiel_player_iosUITests */ = {
			isa = PBXGroup;
			children = (
				127188322BE216C500C3A8C6 /* simiel_player_iosUITests.swift */,
				127188342BE216C500C3A8C6 /* simiel_player_iosUITestsLaunchTests.swift */,
			);
			path = simiel_player_iosUITests;
			sourceTree = "<group>";
		};
/* End PBXGroup section */

/* Begin PBXNativeTarget section */
		1271880D2BE216C300C3A8C6 /* simiel_player_ios */ = {
			isa = PBXNativeTarget;
			buildConfigurationList = 127188382BE216C500C3A8C6 /* Build configuration list for PBXNativeTarget "simiel_player_ios" */;
			buildPhases = (
				1271880A2BE216C300C3A8C6 /* Sources */,
				1271880B2BE216C300C3A8C6 /* Frameworks */,
				1271880C2BE216C300C3A8C6 /* Resources */,
			);
			buildRules = (
			);
			dependencies = (
			);
			name = simiel_player_ios;
			productName = simiel_player_ios;
			productReference = 1271880E2BE216C300C3A8C6 /* simiel_player_ios.app */;
			productType = "com.apple.product-type.application";
		};
		127188232BE216C500C3A8C6 /* simiel_player_iosTests */ = {
			isa = PBXNativeTarget;
			buildConfigurationList = 1271883B2BE216C500C3A8C6 /* Build configuration list for PBXNativeTarget "simiel_player_iosTests" */;
			buildPhases = (
				127188202BE216C500C3A8C6 /* Sources */,
				127188212BE216C500C3A8C6 /* Frameworks */,
				127188222BE216C500C3A8C6 /* Resources */,
			);
			buildRules = (
			);
			dependencies = (
				127188262BE216C500C3A8C6 /* PBXTargetDependency */,
			);
			name = simiel_player_iosTests;
			productName = simiel_player_iosTests;
			productReference = 127188242BE216C500C3A8C6 /* simiel_player_iosTests.xctest */;
			productType = "com.apple.product-type.bundle.unit-test";
		};
		1271882D2BE216C500C3A8C6 /* simiel_player_iosUITests */ = {
			isa = PBXNativeTarget;
			buildConfigurationList = 1271883E2BE216C500C3A8C6 /* Build configuration list for PBXNativeTarget "simiel_player_iosUITests" */;
			buildPhases = (
				1271882A2BE216C500C3A8C6 /* Sources */,
				1271882B2BE216C500C3A8C6 /* Frameworks */,
				1271882C2BE216C500C3A8C6 /* Resources */,
			);
			buildRules = (
			);
			dependencies = (
				127188302BE216C500C3A8C6 /* PBXTargetDependency */,
			);
			name = simiel_player_iosUITests;
			productName = simiel_player_iosUITests;
			productReference = 1271882E2BE216C500C3A8C6 /* simiel_player_iosUITests.xctest */;
			productType = "com.apple.product-type.bundle.ui-testing";
		};
/* End PBXNativeTarget section */

/* Begin PBXProject section */
		127188062BE216C300C3A8C6 /* Project object */ = {
			isa = PBXProject;
			attributes = {
				BuildIndependentTargetsInParallel = 1;
				LastSwiftUpdateCheck = 1530;
				LastUpgradeCheck = 1530;
				TargetAttributes = {
					1271880D2BE216C300C3A8C6 = {
						CreatedOnToolsVersion = 15.3;
					};
					127188232BE216C500C3A8C6 = {
						CreatedOnToolsVersion = 15.3;
						TestTargetID = 1271880D2BE216C300C3A8C6;
					};
					1271882D2BE216C500C3A8C6 = {
						CreatedOnToolsVersion = 15.3;
						TestTargetID = 1271880D2BE216C300C3A8C6;
					};
				};
			};
			buildConfigurationList = 127188092BE216C300C3A8C6 /* Build configuration list for PBXProject "simiel_player_ios" */;
			compatibilityVersion = "Xcode 14.0";
			developmentRegion = en;
			hasScannedForEncodings = 0;
			knownRegions = (
				en,
				Base,
			);
			mainGroup = 127188052BE216C300C3A8C6;
			productRefGroup = 1271880F2BE216C300C3A8C6 /* Products */;
			projectDirPath = "";
			projectRoot = "";
			targets = (
				1271880D2BE216C300C3A8C6 /* simiel_player_ios */,
				127188232BE216C500C3A8C6 /* simiel_player_iosTests */,
				1271882D2BE216C500C3A8C6 /* simiel_player_iosUITests */,
			);
		};
/* End PBXProject section */

/* Begin PBXResourcesBuildPhase section */
		1271880C2BE216C300C3A8C6 /* Resources */ = {
			isa = PBXResourcesBuildPhase;
			buildActionMask = 2147483647;
			files = (
				127188422BE2C92100C3A8C6 /* intro.mp4 in Resources */,
				1271881B2BE216C500C3A8C6 /* Assets.xcassets in Resources */,
				1271881E2BE216C500C3A8C6 /* Base in Resources */,
				127188192BE216C300C3A8C6 /* Base in Resources */,
			);
			runOnlyForDeploymentPostprocessing = 0;
		};
		127188222BE216C500C3A8C6 /* Resources */ = {
			isa = PBXResourcesBuildPhase;
			buildActionMask = 2147483647;
			files = (
			);
			runOnlyForDeploymentPostprocessing = 0;
		};
		1271882C2BE216C500C3A8C6 /* Resources */ = {
			isa = PBXResourcesBuildPhase;
			buildActionMask = 2147483647;
			files = (
			);
			runOnlyForDeploymentPostprocessing = 0;
		};
/* End PBXResourcesBuildPhase section */

/* Begin PBXSourcesBuildPhase section */
		1271880A2BE216C300C3A8C6 /* Sources */ = {
			isa = PBXSourcesBuildPhase;
			buildActionMask = 2147483647;
			files = (
				127188162BE216C300C3A8C6 /* ViewController.swift in Sources */,
				127188122BE216C300C3A8C6 /* AppDelegate.swift in Sources */,
				127188142BE216C300C3A8C6 /* SceneDelegate.swift in Sources */,
			);
			runOnlyForDeploymentPostprocessing = 0;
		};
		127188202BE216C500C3A8C6 /* Sources */ = {
			isa = PBXSourcesBuildPhase;
			buildActionMask = 2147483647;
			files = (
				127188292BE216C500C3A8C6 /* simiel_player_iosTests.swift in Sources */,
			);
			runOnlyForDeploymentPostprocessing = 0;
		};
		1271882A2BE216C500C3A8C6 /* Sources */ = {
			isa = PBXSourcesBuildPhase;
			buildActionMask = 2147483647;
			files = (
				127188352BE216C500C3A8C6 /* simiel_player_iosUITestsLaunchTests.swift in Sources */,
				127188332BE216C500C3A8C6 /* simiel_player_iosUITests.swift in Sources */,
			);
			runOnlyForDeploymentPostprocessing = 0;
		};
/* End PBXSourcesBuildPhase section */

/* Begin PBXTargetDependency section */
		127188262BE216C500C3A8C6 /* PBXTargetDependency */ = {
			isa = PBXTargetDependency;
			target = 1271880D2BE216C300C3A8C6 /* simiel_player_ios */;
			targetProxy = 127188252BE216C500C3A8C6 /* PBXContainerItemProxy */;
		};
		127188302BE216C500C3A8C6 /* PBXTargetDependency */ = {
			isa = PBXTargetDependency;
			target = 1271880D2BE216C300C3A8C6 /* simiel_player_ios */;
			targetProxy = 1271882F2BE216C500C3A8C6 /* PBXContainerItemProxy */;
		};
/* End PBXTargetDependency section */

/* Begin PBXVariantGroup section */
		127188172BE216C300C3A8C6 /* Main.storyboard */ = {
			isa = PBXVariantGroup;
			children = (
				127188182BE216C300C3A8C6 /* Base */,
			);
			name = Main.storyboard;
			sourceTree = "<group>";
		};
		1271881C2BE216C500C3A8C6 /* LaunchScreen.storyboard */ = {
			isa = PBXVariantGroup;
			children = (
				1271881D2BE216C500C3A8C6 /* Base */,
			);
			name = LaunchScreen.storyboard;
			sourceTree = "<group>";
		};
/* End PBXVariantGroup section */

/* Begin XCBuildConfiguration section */
		127188362BE216C500C3A8C6 /* Debug */ = {
			isa = XCBuildConfiguration;
			buildSettings = {
				ALWAYS_SEARCH_USER_PATHS = NO;
				ASSETCATALOG_COMPILER_GENERATE_SWIFT_ASSET_SYMBOL_EXTENSIONS = YES;
				CLANG_ANALYZER_NONNULL = YES;
				CLANG_ANALYZER_NUMBER_OBJECT_CONVERSION = YES_AGGRESSIVE;
				CLANG_CXX_LANGUAGE_STANDARD = "gnu++20";
				CLANG_ENABLE_MODULES = YES;
				CLANG_ENABLE_OBJC_ARC = YES;
				CLANG_ENABLE_OBJC_WEAK = YES;
				CLANG_WARN_BLOCK_CAPTURE_AUTORELEASING = YES;
				CLANG_WARN_BOOL_CONVERSION = YES;
				CLANG_WARN_COMMA = YES;
				CLANG_WARN_CONSTANT_CONVERSION = YES;
				CLANG_WARN_DEPRECATED_OBJC_IMPLEMENTATIONS = YES;
				CLANG_WARN_DIRECT_OBJC_ISA_USAGE = YES_ERROR;
				CLANG_WARN_DOCUMENTATION_COMMENTS = YES;
				CLANG_WARN_EMPTY_BODY = YES;
				CLANG_WARN_ENUM_CONVERSION = YES;
				CLANG_WARN_INFINITE_RECURSION = YES;
				CLANG_WARN_INT_CONVERSION = YES;
				CLANG_WARN_NON_LITERAL_NULL_CONVERSION = YES;
				CLANG_WARN_OBJC_IMPLICIT_RETAIN_SELF = YES;
				CLANG_WARN_OBJC_LITERAL_CONVERSION = YES;
				CLANG_WARN_OBJC_ROOT_CLASS = YES_ERROR;
				CLANG_WARN_QUOTED_INCLUDE_IN_FRAMEWORK_HEADER = YES;
				CLANG_WARN_RANGE_LOOP_ANALYSIS = YES;
				CLANG_WARN_STRICT_PROTOTYPES = YES;
				CLANG_WARN_SUSPICIOUS_MOVE = YES;
				CLANG_WARN_UNGUARDED_AVAILABILITY = YES_AGGRESSIVE;
				CLANG_WARN_UNREACHABLE_CODE = YES;
				CLANG_WARN__DUPLICATE_METHOD_MATCH = YES;
				COPY_PHASE_STRIP = NO;
				DEBUG_INFORMATION_FORMAT = dwarf;
				ENABLE_STRICT_OBJC_MSGSEND = YES;
				ENABLE_TESTABILITY = YES;
				ENABLE_USER_SCRIPT_SANDBOXING = YES;
				GCC_C_LANGUAGE_STANDARD = gnu17;
				GCC_DYNAMIC_NO_PIC = NO;
				GCC_NO_COMMON_BLOCKS = YES;
				GCC_OPTIMIZATION_LEVEL = 0;
				GCC_PREPROCESSOR_DEFINITIONS = (
					"DEBUG=1",
					"$(inherited)",
				);
				GCC_WARN_64_TO_32_BIT_CONVERSION = YES;
				GCC_WARN_ABOUT_RETURN_TYPE = YES_ERROR;
				GCC_WARN_UNDECLARED_SELECTOR = YES;
				GCC_WARN_UNINITIALIZED_AUTOS = YES_AGGRESSIVE;
				GCC_WARN_UNUSED_FUNCTION = YES;
				GCC_WARN_UNUSED_VARIABLE = YES;
				IPHONEOS_DEPLOYMENT_TARGET = 17.4;
				LOCALIZATION_PREFERS_STRING_CATALOGS = YES;
				MTL_ENABLE_DEBUG_INFO = INCLUDE_SOURCE;
				MTL_FAST_MATH = YES;
				ONLY_ACTIVE_ARCH = YES;
				SDKROOT = iphoneos;
				SWIFT_ACTIVE_COMPILATION_CONDITIONS = "DEBUG $(inherited)";
				SWIFT_OPTIMIZATION_LEVEL = "-Onone";
			};
			name = Debug;
		};
		127188372BE216C500C3A8C6 /* Release */ = {
			isa = XCBuildConfiguration;
			buildSettings = {
				ALWAYS_SEARCH_USER_PATHS = NO;
				ASSETCATALOG_COMPILER_GENERATE_SWIFT_ASSET_SYMBOL_EXTENSIONS = YES;
				CLANG_ANALYZER_NONNULL = YES;
				CLANG_ANALYZER_NUMBER_OBJECT_CONVERSION = YES_AGGRESSIVE;
				CLANG_CXX_LANGUAGE_STANDARD = "gnu++20";
				CLANG_ENABLE_MODULES = YES;
				CLANG_ENABLE_OBJC_ARC = YES;
				CLANG_ENABLE_OBJC_WEAK = YES;
				CLANG_WARN_BLOCK_CAPTURE_AUTORELEASING = YES;
				CLANG_WARN_BOOL_CONVERSION = YES;
				CLANG_WARN_COMMA = YES;
				CLANG_WARN_CONSTANT_CONVERSION = YES;
				CLANG_WARN_DEPRECATED_OBJC_IMPLEMENTATIONS = YES;
				CLANG_WARN_DIRECT_OBJC_ISA_USAGE = YES_ERROR;
				CLANG_WARN_DOCUMENTATION_COMMENTS = YES;
				CLANG_WARN_EMPTY_BODY = YES;
				CLANG_WARN_ENUM_CONVERSION = YES;
				CLANG_WARN_INFINITE_RECURSION = YES;
				CLANG_WARN_INT_CONVERSION = YES;
				CLANG_WARN_NON_LITERAL_NULL_CONVERSION = YES;
				CLANG_WARN_OBJC_IMPLICIT_RETAIN_SELF = YES;
				CLANG_WARN_OBJC_LITERAL_CONVERSION = YES;
				CLANG_WARN_OBJC_ROOT_CLASS = YES_ERROR;
				CLANG_WARN_QUOTED_INCLUDE_IN_FRAMEWORK_HEADER = YES;
				CLANG_WARN_RANGE_LOOP_ANALYSIS = YES;
				CLANG_WARN_STRICT_PROTOTYPES = YES;
				CLANG_WARN_SUSPICIOUS_MOVE = YES;
				CLANG_WARN_UNGUARDED_AVAILABILITY = YES_AGGRESSIVE;
				CLANG_WARN_UNREACHABLE_CODE = YES;
				CLANG_WARN__DUPLICATE_METHOD_MATCH = YES;
				COPY_PHASE_STRIP = NO;
				DEBUG_INFORMATION_FORMAT = "dwarf-with-dsym";
				ENABLE_NS_ASSERTIONS = NO;
				ENABLE_STRICT_OBJC_MSGSEND = YES;
				ENABLE_USER_SCRIPT_SANDBOXING = YES;
				GCC_C_LANGUAGE_STANDARD = gnu17;
				GCC_NO_COMMON_BLOCKS = YES;
				GCC_WARN_64_TO_32_BIT_CONVERSION = YES;
				GCC_WARN_ABOUT_RETURN_TYPE = YES_ERROR;
				GCC_WARN_UNDECLARED_SELECTOR = YES;
				GCC_WARN_UNINITIALIZED_AUTOS = YES_AGGRESSIVE;
				GCC_WARN_UNUSED_FUNCTION = YES;
				GCC_WARN_UNUSED_VARIABLE = YES;
				IPHONEOS_DEPLOYMENT_TARGET = 17.4;
				LOCALIZATION_PREFERS_STRING_CATALOGS = YES;
				MTL_ENABLE_DEBUG_INFO = NO;
				MTL_FAST_MATH = YES;
				SDKROOT = iphoneos;
				SWIFT_COMPILATION_MODE = wholemodule;
				VALIDATE_PRODUCT = YES;
			};
			name = Release;
		};
		127188392BE216C500C3A8C6 /* Debug */ = {
			isa = XCBuildConfiguration;
			buildSettings = {
				ASSETCATALOG_COMPILER_APPICON_NAME = AppIcon;
				ASSETCATALOG_COMPILER_GLOBAL_ACCENT_COLOR_NAME = AccentColor;
				CODE_SIGN_STYLE = Automatic;
				CURRENT_PROJECT_VERSION = 1;
				GENERATE_INFOPLIST_FILE = YES;
				INFOPLIST_FILE = simiel_player_ios/Info.plist;
				INFOPLIST_KEY_UIApplicationSupportsIndirectInputEvents = YES;
				INFOPLIST_KEY_UILaunchStoryboardName = LaunchScreen;
				INFOPLIST_KEY_UIMainStoryboardFile = Main;
				INFOPLIST_KEY_UISupportedInterfaceOrientations_iPad = "UIInterfaceOrientationPortrait UIInterfaceOrientationPortraitUpsideDown UIInterfaceOrientationLandscapeLeft UIInterfaceOrientationLandscapeRight";
				INFOPLIST_KEY_UISupportedInterfaceOrientations_iPhone = "UIInterfaceOrientationPortrait UIInterfaceOrientationLandscapeLeft UIInterfaceOrientationLandscapeRight";
				LD_RUNPATH_SEARCH_PATHS = (
					"$(inherited)",
					"@executable_path/Frameworks",
				);
				MARKETING_VERSION = 1.0;
				PRODUCT_BUNDLE_IDENTIFIER = "Sam.simiel-player-ios";
				PRODUCT_NAME = "$(TARGET_NAME)";
				SWIFT_EMIT_LOC_STRINGS = YES;
				SWIFT_VERSION = 5.0;
				TARGETED_DEVICE_FAMILY = "1,2";
			};
			name = Debug;
		};
		1271883A2BE216C500C3A8C6 /* Release */ = {
			isa = XCBuildConfiguration;
			buildSettings = {
				ASSETCATALOG_COMPILER_APPICON_NAME = AppIcon;
				ASSETCATALOG_COMPILER_GLOBAL_ACCENT_COLOR_NAME = AccentColor;
				CODE_SIGN_STYLE = Automatic;
				CURRENT_PROJECT_VERSION = 1;
				GENERATE_INFOPLIST_FILE = YES;
				INFOPLIST_FILE = simiel_player_ios/Info.plist;
				INFOPLIST_KEY_UIApplicationSupportsIndirectInputEvents = YES;
				INFOPLIST_KEY_UILaunchStoryboardName = LaunchScreen;
				INFOPLIST_KEY_UIMainStoryboardFile = Main;
				INFOPLIST_KEY_UISupportedInterfaceOrientations_iPad = "UIInterfaceOrientationPortrait UIInterfaceOrientationPortraitUpsideDown UIInterfaceOrientationLandscapeLeft UIInterfaceOrientationLandscapeRight";
				INFOPLIST_KEY_UISupportedInterfaceOrientations_iPhone = "UIInterfaceOrientationPortrait UIInterfaceOrientationLandscapeLeft UIInterfaceOrientationLandscapeRight";
				LD_RUNPATH_SEARCH_PATHS = (
					"$(inherited)",
					"@executable_path/Frameworks",
				);
				MARKETING_VERSION = 1.0;
				PRODUCT_BUNDLE_IDENTIFIER = "Sam.simiel-player-ios";
				PRODUCT_NAME = "$(TARGET_NAME)";
				SWIFT_EMIT_LOC_STRINGS = YES;
				SWIFT_VERSION = 5.0;
				TARGETED_DEVICE_FAMILY = "1,2";
			};
			name = Release;
		};
		1271883C2BE216C500C3A8C6 /* Debug */ = {
			isa = XCBuildConfiguration;
			buildSettings = {
				ALWAYS_EMBED_SWIFT_STANDARD_LIBRARIES = YES;
				BUNDLE_LOADER = "$(TEST_HOST)";
				CODE_SIGN_STYLE = Automatic;
				CURRENT_PROJECT_VERSION = 1;
				GENERATE_INFOPLIST_FILE = YES;
				IPHONEOS_DEPLOYMENT_TARGET = 17.4;
				MARKETING_VERSION = 1.0;
				PRODUCT_BUNDLE_IDENTIFIER = "Sam.simiel-player-iosTests";
				PRODUCT_NAME = "$(TARGET_NAME)";
				SWIFT_EMIT_LOC_STRINGS = NO;
				SWIFT_VERSION = 5.0;
				TARGETED_DEVICE_FAMILY = "1,2";
				TEST_HOST = "$(BUILT_PRODUCTS_DIR)/simiel_player_ios.app/$(BUNDLE_EXECUTABLE_FOLDER_PATH)/simiel_player_ios";
			};
			name = Debug;
		};
		1271883D2BE216C500C3A8C6 /* Release */ = {
			isa = XCBuildConfiguration;
			buildSettings = {
				ALWAYS_EMBED_SWIFT_STANDARD_LIBRARIES = YES;
				BUNDLE_LOADER = "$(TEST_HOST)";
				CODE_SIGN_STYLE = Automatic;
				CURRENT_PROJECT_VERSION = 1;
				GENERATE_INFOPLIST_FILE = YES;
				IPHONEOS_DEPLOYMENT_TARGET = 17.4;
				MARKETING_VERSION = 1.0;
				PRODUCT_BUNDLE_IDENTIFIER = "Sam.simiel-player-iosTests";
				PRODUCT_NAME = "$(TARGET_NAME)";
				SWIFT_EMIT_LOC_STRINGS = NO;
				SWIFT_VERSION = 5.0;
				TARGETED_DEVICE_FAMILY = "1,2";
				TEST_HOST = "$(BUILT_PRODUCTS_DIR)/simiel_player_ios.app/$(BUNDLE_EXECUTABLE_FOLDER_PATH)/simiel_player_ios";
			};
			name = Release;
		};
		1271883F2BE216C500C3A8C6 /* Debug */ = {
			isa = XCBuildConfiguration;
			buildSettings = {
				ALWAYS_EMBED_SWIFT_STANDARD_LIBRARIES = YES;
				CODE_SIGN_STYLE = Automatic;
				CURRENT_PROJECT_VERSION = 1;
				GENERATE_INFOPLIST_FILE = YES;
				MARKETING_VERSION = 1.0;
				PRODUCT_BUNDLE_IDENTIFIER = "Sam.simiel-player-iosUITests";
				PRODUCT_NAME = "$(TARGET_NAME)";
				SWIFT_EMIT_LOC_STRINGS = NO;
				SWIFT_VERSION = 5.0;
				TARGETED_DEVICE_FAMILY = "1,2";
				TEST_TARGET_NAME = simiel_player_ios;
			};
			name = Debug;
		};
		127188402BE216C500C3A8C6 /* Release */ = {
			isa = XCBuildConfiguration;
			buildSettings = {
				ALWAYS_EMBED_SWIFT_STANDARD_LIBRARIES = YES;
				CODE_SIGN_STYLE = Automatic;
				CURRENT_PROJECT_VERSION = 1;
				GENERATE_INFOPLIST_FILE = YES;
				MARKETING_VERSION = 1.0;
				PRODUCT_BUNDLE_IDENTIFIER = "Sam.simiel-player-iosUITests";
				PRODUCT_NAME = "$(TARGET_NAME)";
				SWIFT_EMIT_LOC_STRINGS = NO;
				SWIFT_VERSION = 5.0;
				TARGETED_DEVICE_FAMILY = "1,2";
				TEST_TARGET_NAME = simiel_player_ios;
			};
			name = Release;
		};
/* End XCBuildConfiguration section */

/* Begin XCConfigurationList section */
		127188092BE216C300C3A8C6 /* Build configuration list for PBXProject "simiel_player_ios" */ = {
			isa = XCConfigurationList;
			buildConfigurations = (
				127188362BE216C500C3A8C6 /* Debug */,
				127188372BE216C500C3A8C6 /* Release */,
			);
			defaultConfigurationIsVisible = 0;
			defaultConfigurationName = Release;
		};
		127188382BE216C500C3A8C6 /* Build configuration list for PBXNativeTarget "simiel_player_ios" */ = {
			isa = XCConfigurationList;
			buildConfigurations = (
				127188392BE216C500C3A8C6 /* Debug */,
				1271883A2BE216C500C3A8C6 /* Release */,
			);
			defaultConfigurationIsVisible = 0;
			defaultConfigurationName = Release;
		};
		1271883B2BE216C500C3A8C6 /* Build configuration list for PBXNativeTarget "simiel_player_iosTests" */ = {
			isa = XCConfigurationList;
			buildConfigurations = (
				1271883C2BE216C500C3A8C6 /* Debug */,
				1271883D2BE216C500C3A8C6 /* Release */,
			);
			defaultConfigurationIsVisible = 0;
			defaultConfigurationName = Release;
		};
		1271883E2BE216C500C3A8C6 /* Build configuration list for PBXNativeTarget "simiel_player_iosUITests" */ = {
			isa = XCConfigurationList;
			buildConfigurations = (
				1271883F2BE216C500C3A8C6 /* Debug */,
				127188402BE216C500C3A8C6 /* Release */,
			);
			defaultConfigurationIsVisible = 0;
			defaultConfigurationName = Release;
		};
/* End XCConfigurationList section */
	};
	rootObject = 127188062BE216C300C3A8C6 /* Project object */;
}
